{
  "name": "serverless",
  "version": "1.0.0",
  "lockfileVersion": 1,
  "requires": true,
  "dependencies": {
    "@tinyhttp/accepts": {
      "version": "2.0.1",
      "resolved": "https://registry.npmjs.org/@tinyhttp/accepts/-/accepts-2.0.1.tgz",
      "integrity": "sha512-mzqtVebndFrdouzVLyagZsSFd82PWh+PeOVQ78HTGyXpXQ3sggWTKPPVn2kU4UTnYu25rdIQrGi2LBBN8KwThg==",
      "requires": {
        "es-mime-types": "^0.1.3",
        "negotiator": "^0.6.2"
      },
      "dependencies": {
        "es-mime-types": {
          "version": "0.1.3",
          "resolved": "https://registry.npmjs.org/es-mime-types/-/es-mime-types-0.1.3.tgz",
          "integrity": "sha512-LcyBLQFEm2wnZdvbLYHDZ03Yb55hX/v7TNhPpgZKeOleJFTkwF4bYkkBFHRBEvg+9duGxx3cMYVkwBDMcA+LfA==",
          "requires": {
            "mime-db": "^1.48.0"
          }
        },
        "mime-db": {
          "version": "1.49.0",
          "resolved": "https://registry.npmjs.org/mime-db/-/mime-db-1.49.0.tgz",
          "integrity": "sha512-CIc8j9URtOVApSFCQIF+VBkX1RwXp/oMMOrqdyXSBXq5RWNEsRfyj1kiRnQgmNXmHxPoFIxOroKA3zcU9P+nAA=="
        }
      }
    },
    "@tinyhttp/app": {
      "version": "2.0.3",
      "resolved": "https://registry.npmjs.org/@tinyhttp/app/-/app-2.0.3.tgz",
      "integrity": "sha512-uocbaVUL4vE/QqomRJDXSQbjDfckF2GVZ7sfoWOC1nHatMXswAGXCbCbOnvz3DSxb/Xt1zPr/iK0ReQTRYGfKQ==",
      "requires": {
        "@tinyhttp/cookie": "2.0.1",
        "@tinyhttp/proxy-addr": "2.0.1",
        "@tinyhttp/req": "2.0.2",
        "@tinyhttp/res": "2.0.3",
        "@tinyhttp/router": "2.0.1",
        "regexparam": "^2.0.0"
      }
    },
    "@tinyhttp/content-disposition": {
      "version": "2.0.2",
      "resolved": "https://registry.npmjs.org/@tinyhttp/content-disposition/-/content-disposition-2.0.2.tgz",
      "integrity": "sha512-Ywl+mlpe5bfiLQR5PhN4KUpPn/IO7L3J+NlX9KQGwvDy8aWU3/2rypgVoIBA2Gp2FJvGIqqNLds5cCdPOzGHtQ=="
    },
    "@tinyhttp/cookie": {
      "version": "2.0.1",
      "resolved": "https://registry.npmjs.org/@tinyhttp/cookie/-/cookie-2.0.1.tgz",
      "integrity": "sha512-4CVbgQf7bjbzI3eNXnQ5BttMYQaYhYuereqHBtNHC3s1JQjyukRLVlF7khQBv/Ih5PGSdGfBeDO/3G3GY863Yg=="
    },
    "@tinyhttp/cookie-signature": {
      "version": "2.0.1",
      "resolved": "https://registry.npmjs.org/@tinyhttp/cookie-signature/-/cookie-signature-2.0.1.tgz",
      "integrity": "sha512-PLmrp/oT3g2UyMLqR9MrgOWpSZKBSJOX+8bRya8btNwZjV87Nr7WYcGOmBAD2/ivvnRhhQ9lrnEDFvsFoIytgw=="
    },
    "@tinyhttp/encode-url": {
      "version": "2.0.1",
      "resolved": "https://registry.npmjs.org/@tinyhttp/encode-url/-/encode-url-2.0.1.tgz",
      "integrity": "sha512-kD4OxbHxRfz0GFgWSETi4Q0HNg0QtgzA5GkwVJdlrQDFUhUrsh7SBBFsheT1l5j+bqNz9MUgDKJdR5HRC77AYA=="
    },
    "@tinyhttp/etag": {
      "version": "2.0.1",
      "resolved": "https://registry.npmjs.org/@tinyhttp/etag/-/etag-2.0.1.tgz",
      "integrity": "sha512-6fC8avqnGiUDmte/Zm/SJin0P6LAl+N9fpSZi/xccJc2ZvyxVFCVrRxysTP3SNSZpGg/jTG6e8oqXNgULkWoGg=="
    },
    "@tinyhttp/forwarded": {
      "version": "2.0.1",
      "resolved": "https://registry.npmjs.org/@tinyhttp/forwarded/-/forwarded-2.0.1.tgz",
      "integrity": "sha512-1wiIo3sxXTds+PjcC9HZtMMZ32uHTExDgdKe2fk/DlIw3Qno8JcwTifiebp9w/nsi7+jq6KzyfAMY3mwiurlPw=="
    },
    "@tinyhttp/proxy-addr": {
      "version": "2.0.1",
      "resolved": "https://registry.npmjs.org/@tinyhttp/proxy-addr/-/proxy-addr-2.0.1.tgz",
      "integrity": "sha512-ZGpCMFRfibP6z3OhcaTjAf4zuorPu4XyAHxDw4gQ/yqJxJBJa8LIwXMcjfn5OQNT1D4aCdDngXEh9q9wtzL9FA==",
      "requires": {
        "@tinyhttp/forwarded": "2.0.1",
        "ipaddr.js": "^2.0.1"
      }
    },
    "@tinyhttp/req": {
      "version": "2.0.2",
      "resolved": "https://registry.npmjs.org/@tinyhttp/req/-/req-2.0.2.tgz",
      "integrity": "sha512-N/rF80hAXVhrO/d3y/VU3/gA2yx5ZVMUwdohO2HhzlbR2JYr+QQ3LTVU5boLeTkc9M+9zZsuOEtrOR8HOrPrcw==",
      "requires": {
        "@tinyhttp/accepts": "2.0.1",
        "@tinyhttp/type-is": "2.0.1",
        "@tinyhttp/url": "2.0.2",
        "es-fresh": "^0.0.10",
        "range-parser": "^1.2.1"
      }
    },
    "@tinyhttp/res": {
      "version": "2.0.3",
      "resolved": "https://registry.npmjs.org/@tinyhttp/res/-/res-2.0.3.tgz",
      "integrity": "sha512-rFjpS1RhUGXV+WfhL1hF7LAu55p6jYm1ouz6p2AfhD/ihmwdJQIqxlYdiohaDfKrJfa63tzFwgGRcB3Ua1ImOQ==",
      "requires": {
        "@tinyhttp/content-disposition": "2.0.2",
        "@tinyhttp/cookie": "2.0.1",
        "@tinyhttp/cookie-signature": "2.0.1",
        "@tinyhttp/encode-url": "2.0.1",
        "@tinyhttp/req": "2.0.2",
        "@tinyhttp/send": "2.0.1",
        "es-escape-html": "^0.1.1",
        "es-mime-types": "^0.1.3",
        "es-vary": "^0.1.1"
      },
      "dependencies": {
        "es-mime-types": {
          "version": "0.1.3",
          "resolved": "https://registry.npmjs.org/es-mime-types/-/es-mime-types-0.1.3.tgz",
          "integrity": "sha512-LcyBLQFEm2wnZdvbLYHDZ03Yb55hX/v7TNhPpgZKeOleJFTkwF4bYkkBFHRBEvg+9duGxx3cMYVkwBDMcA+LfA==",
          "requires": {
            "mime-db": "^1.48.0"
          }
        },
        "mime-db": {
          "version": "1.49.0",
          "resolved": "https://registry.npmjs.org/mime-db/-/mime-db-1.49.0.tgz",
          "integrity": "sha512-CIc8j9URtOVApSFCQIF+VBkX1RwXp/oMMOrqdyXSBXq5RWNEsRfyj1kiRnQgmNXmHxPoFIxOroKA3zcU9P+nAA=="
        }
      }
    },
    "@tinyhttp/router": {
      "version": "2.0.1",
      "resolved": "https://registry.npmjs.org/@tinyhttp/router/-/router-2.0.1.tgz",
      "integrity": "sha512-FsPDujAl2JdIhs0n3bYLB/CFrr32vwXpoP0BuHdM32/bjAA25KsiTl58kA8l2oCMupWuBzgzwlmMEqS2SbGuiA=="
    },
    "@tinyhttp/send": {
      "version": "2.0.1",
      "resolved": "https://registry.npmjs.org/@tinyhttp/send/-/send-2.0.1.tgz",
      "integrity": "sha512-qGlrEa6nRmcp94xYjZLXIBDOxAiqFQJgYXNCg2ENk3bMh+0qBtTFNcKR6OLiNgxBAwSZjuZZW0e1+CwXGOl7Og==",
      "requires": {
        "@tinyhttp/etag": "2.0.1",
        "es-content-type": "^0.1.0",
        "es-mime-types": "^0.1.3"
      },
      "dependencies": {
        "es-mime-types": {
          "version": "0.1.3",
          "resolved": "https://registry.npmjs.org/es-mime-types/-/es-mime-types-0.1.3.tgz",
          "integrity": "sha512-LcyBLQFEm2wnZdvbLYHDZ03Yb55hX/v7TNhPpgZKeOleJFTkwF4bYkkBFHRBEvg+9duGxx3cMYVkwBDMcA+LfA==",
          "requires": {
            "mime-db": "^1.48.0"
          }
        },
        "mime-db": {
          "version": "1.49.0",
          "resolved": "https://registry.npmjs.org/mime-db/-/mime-db-1.49.0.tgz",
          "integrity": "sha512-CIc8j9URtOVApSFCQIF+VBkX1RwXp/oMMOrqdyXSBXq5RWNEsRfyj1kiRnQgmNXmHxPoFIxOroKA3zcU9P+nAA=="
        }
      }
    },
    "@tinyhttp/type-is": {
      "version": "2.0.1",
      "resolved": "https://registry.npmjs.org/@tinyhttp/type-is/-/type-is-2.0.1.tgz",
      "integrity": "sha512-LHzD2nla5aui9o9Omp3BL9ZaVp9KFUzT0LW8/0ul6vZk1x6ZhZegeeZ2t7kwbw4t16QCEz4y5d5xIrmUoPWoWA==",
      "requires": {
        "es-content-type": "^0.1.0",
        "es-mime-types": "^0.1.3"
      },
      "dependencies": {
        "es-mime-types": {
          "version": "0.1.3",
          "resolved": "https://registry.npmjs.org/es-mime-types/-/es-mime-types-0.1.3.tgz",
          "integrity": "sha512-LcyBLQFEm2wnZdvbLYHDZ03Yb55hX/v7TNhPpgZKeOleJFTkwF4bYkkBFHRBEvg+9duGxx3cMYVkwBDMcA+LfA==",
          "requires": {
            "mime-db": "^1.48.0"
          }
        },
        "mime-db": {
          "version": "1.49.0",
          "resolved": "https://registry.npmjs.org/mime-db/-/mime-db-1.49.0.tgz",
          "integrity": "sha512-CIc8j9URtOVApSFCQIF+VBkX1RwXp/oMMOrqdyXSBXq5RWNEsRfyj1kiRnQgmNXmHxPoFIxOroKA3zcU9P+nAA=="
        }
      }
    },
    "@tinyhttp/url": {
      "version": "2.0.2",
      "resolved": "https://registry.npmjs.org/@tinyhttp/url/-/url-2.0.2.tgz",
      "integrity": "sha512-v1/RYJbWqn4fcZgnDmZ2UXOefnLsU6w/sUN7ZW1W7hmCcTMGp/SPGr2zNm2TUT4vrSkhe2+Qwzz/wjBK2GftIA=="
    },
    "append-field": {
      "version": "1.0.0",
      "resolved": "https://registry.npmjs.org/append-field/-/append-field-1.0.0.tgz",
      "integrity": "sha1-HjRA6RXwsSA9I3SOeO3XubW0PlY="
    },
    "buffer-from": {
      "version": "1.1.1",
      "resolved": "https://registry.npmjs.org/buffer-from/-/buffer-from-1.1.1.tgz",
      "integrity": "sha512-MQcXEUbCKtEo7bhqEs6560Hyd4XaovZlO/k9V3hjVUF/zwW7KBVdSK4gIt/bzwS9MbR5qob+F5jusZsb0YQK2A=="
    },
    "busboy": {
      "version": "0.2.14",
      "resolved": "https://registry.npmjs.org/busboy/-/busboy-0.2.14.tgz",
      "integrity": "sha1-bCpiLvz0fFe7vh4qnDetNseSVFM=",
      "requires": {
        "dicer": "0.2.5",
        "readable-stream": "1.1.x"
      }
    },
    "concat-stream": {
      "version": "1.6.2",
      "resolved": "https://registry.npmjs.org/concat-stream/-/concat-stream-1.6.2.tgz",
      "integrity": "sha512-27HBghJxjiZtIk3Ycvn/4kbJk/1uZuJFfuPEns6LaEvpvG1f0hTea8lilrouyo9mVc2GWdcEZ8OLoGmSADlrCw==",
      "requires": {
        "buffer-from": "^1.0.0",
        "inherits": "^2.0.3",
        "readable-stream": "^2.2.2",
        "typedarray": "^0.0.6"
      },
      "dependencies": {
        "isarray": {
          "version": "1.0.0",
          "resolved": "https://registry.npmjs.org/isarray/-/isarray-1.0.0.tgz",
          "integrity": "sha1-u5NdSFgsuhaMBoNJV6VKPgcSTxE="
        },
        "readable-stream": {
          "version": "2.3.7",
          "resolved": "https://registry.npmjs.org/readable-stream/-/readable-stream-2.3.7.tgz",
          "integrity": "sha512-Ebho8K4jIbHAxnuxi7o42OrZgF/ZTNcsZj6nRKyUmkhLFq8CHItp/fy6hQZuZmP/n3yZ9VBUbp4zz/mX8hmYPw==",
          "requires": {
            "core-util-is": "~1.0.0",
            "inherits": "~2.0.3",
            "isarray": "~1.0.0",
            "process-nextick-args": "~2.0.0",
            "safe-buffer": "~5.1.1",
            "string_decoder": "~1.1.1",
            "util-deprecate": "~1.0.1"
          }
        },
        "string_decoder": {
          "version": "1.1.1",
          "resolved": "https://registry.npmjs.org/string_decoder/-/string_decoder-1.1.1.tgz",
          "integrity": "sha512-n/ShnvDi6FHbbVfviro+WojiFzv+s8MPMHBczVePfUpDJLwoLT0ht1l4YwBCbi8pJAveEEdnkHyPyTP/mzRfwg==",
          "requires": {
            "safe-buffer": "~5.1.0"
          }
        }
      }
    },
    "core-util-is": {
      "version": "1.0.2",
      "resolved": "https://registry.npmjs.org/core-util-is/-/core-util-is-1.0.2.tgz",
      "integrity": "sha1-tf1UIgqivFq1eqtxQMlAdUUDwac="
    },
    "dicer": {
      "version": "0.2.5",
      "resolved": "https://registry.npmjs.org/dicer/-/dicer-0.2.5.tgz",
      "integrity": "sha1-WZbAhrszIYyBLAkL3cCc0S+stw8=",
      "requires": {
        "readable-stream": "1.1.x",
        "streamsearch": "0.1.2"
      }
    },
    "ee-first": {
      "version": "1.1.1",
      "resolved": "https://registry.npmjs.org/ee-first/-/ee-first-1.1.1.tgz",
      "integrity": "sha1-WQxhFWsK4vTwJVcyoViyZrxWsh0="
    },
    "es-content-type": {
      "version": "0.1.0",
      "resolved": "https://registry.npmjs.org/es-content-type/-/es-content-type-0.1.0.tgz",
      "integrity": "sha512-DqWU9pSzhNlO10q+NQ/KebImLkKbwbcy0pSv3hNQfEpKFHsrqDJz2vajpZdq7nkiG9DoJcTh22oHGymp7XJd9g=="
    },
    "es-escape-html": {
      "version": "0.1.1",
      "resolved": "https://registry.npmjs.org/es-escape-html/-/es-escape-html-0.1.1.tgz",
      "integrity": "sha512-yUx1o+8RsG7UlszmYPtks+dm6Lho2m8lgHMOsLJQsFI0R8XwUJwiMhM1M4E/S8QLeGyf6MkDV/pWgjQ0tdTSyQ=="
    },
    "es-fresh": {
      "version": "0.0.10",
      "resolved": "https://registry.npmjs.org/es-fresh/-/es-fresh-0.0.10.tgz",
      "integrity": "sha512-/e5etUqtxj7JktALldpsDNC84DOHavN9PqojnTTGeX1M2/Q4/SF8d55d7AsB3n66WYS43hdBbn0sAllto5kSIg=="
    },
    "es-mime-types": {
      "version": "0.0.16",
      "resolved": "https://registry.npmjs.org/es-mime-types/-/es-mime-types-0.0.16.tgz",
      "integrity": "sha512-84QoSLeA7cdTeHpALFNl3ZOstXfvLt426/kaOgmSxmNUOhi4GesKVkhJgIfnsqGNziYezVA8rvZUsXj7oWX2qQ==",
      "requires": {
        "mime-db": "^1.44.0"
      }
    },
    "es-vary": {
      "version": "0.1.1",
      "resolved": "https://registry.npmjs.org/es-vary/-/es-vary-0.1.1.tgz",
      "integrity": "sha512-4UOWrTu8lz5otSyWxcS0LbYz8WyYOEiWHGkBIu0VfhTsY+vtc7+fOSDHsxtEUBeu7mDnTwqsKg5NEXeq5Da1Hg=="
    },
    "inherits": {
      "version": "2.0.4",
      "resolved": "https://registry.npmjs.org/inherits/-/inherits-2.0.4.tgz",
      "integrity": "sha512-k/vGaX4/Yla3WzyMCvTQOXYeIHvqOKtnqBduzTHpzpQZzAskKMhZ2K+EnBiSM9zGSoIFeMpXKxa4dYeZIQqewQ=="
    },
    "ipaddr.js": {
      "version": "2.0.1",
      "resolved": "https://registry.npmjs.org/ipaddr.js/-/ipaddr.js-2.0.1.tgz",
      "integrity": "sha512-1qTgH9NG+IIJ4yfKs2e6Pp1bZg8wbDbKHT21HrLIeYBTRLgMYKnMTPAuI3Lcs61nfx5h1xlXnbJtH1kX5/d/ng=="
    },
    "isarray": {
      "version": "0.0.1",
      "resolved": "https://registry.npmjs.org/isarray/-/isarray-0.0.1.tgz",
      "integrity": "sha1-ihis/Kmo9Bd+Cav8YDiTmwXR7t8="
    },
    "media-typer": {
      "version": "0.3.0",
      "resolved": "https://registry.npmjs.org/media-typer/-/media-typer-0.3.0.tgz",
      "integrity": "sha1-hxDXrwqmJvj/+hzgAWhUUmMlV0g="
    },
    "mime-db": {
      "version": "1.46.0",
      "resolved": "https://registry.npmjs.org/mime-db/-/mime-db-1.46.0.tgz",
      "integrity": "sha512-svXaP8UQRZ5K7or+ZmfNhg2xX3yKDMUzqadsSqi4NCH/KomcH75MAMYAGVlvXn4+b/xOPhS3I2uHKRUzvjY7BQ=="
    },
    "mime-types": {
      "version": "2.1.29",
      "resolved": "https://registry.npmjs.org/mime-types/-/mime-types-2.1.29.tgz",
      "integrity": "sha512-Y/jMt/S5sR9OaqteJtslsFZKWOIIqMACsJSiHghlCAyhf7jfVYjKBmLiX8OgpWeW+fjJ2b+Az69aPFPkUOY6xQ==",
      "requires": {
        "mime-db": "1.46.0"
      }
    },
    "minimist": {
      "version": "1.2.5",
      "resolved": "https://registry.npmjs.org/minimist/-/minimist-1.2.5.tgz",
      "integrity": "sha512-FM9nNUYrRBAELZQT3xeZQ7fmMOBg6nWNmJKTcgsJeaLstP/UODVpGsr5OhXhhXg6f+qtJ8uiZ+PUxkDWcgIXLw=="
    },
    "mkdirp": {
      "version": "0.5.5",
      "resolved": "https://registry.npmjs.org/mkdirp/-/mkdirp-0.5.5.tgz",
      "integrity": "sha512-NKmAlESf6jMGym1++R0Ra7wvhV+wFW63FaSOFPwRahvea0gMUcGUhVeAg/0BC0wiv9ih5NYPB1Wn1UEI1/L+xQ==",
      "requires": {
        "minimist": "^1.2.5"
      }
    },
    "multer": {
      "version": "1.4.2",
      "resolved": "https://registry.npmjs.org/multer/-/multer-1.4.2.tgz",
      "integrity": "sha512-xY8pX7V+ybyUpbYMxtjM9KAiD9ixtg5/JkeKUTD6xilfDv0vzzOFcCp4Ljb1UU3tSOM3VTZtKo63OmzOrGi3Cg==",
      "requires": {
        "append-field": "^1.0.0",
        "busboy": "^0.2.11",
        "concat-stream": "^1.5.2",
        "mkdirp": "^0.5.1",
        "object-assign": "^4.1.1",
        "on-finished": "^2.3.0",
        "type-is": "^1.6.4",
        "xtend": "^4.0.0"
      }
    },
    "negotiator": {
      "version": "0.6.2",
      "resolved": "https://registry.npmjs.org/negotiator/-/negotiator-0.6.2.tgz",
      "integrity": "sha512-hZXc7K2e+PgeI1eDBe/10Ard4ekbfrrqG8Ep+8Jmf4JID2bNg7NvCPOZN+kfF574pFQI7mum2AUqDidoKqcTOw=="
    },
    "object-assign": {
      "version": "4.1.1",
      "resolved": "https://registry.npmjs.org/object-assign/-/object-assign-4.1.1.tgz",
      "integrity": "sha1-IQmtx5ZYh8/AXLvUQsrIv7s2CGM="
    },
    "on-finished": {
      "version": "2.3.0",
      "resolved": "https://registry.npmjs.org/on-finished/-/on-finished-2.3.0.tgz",
      "integrity": "sha1-IPEzZIGwg811M3mSoWlxqi2QaUc=",
      "requires": {
        "ee-first": "1.1.1"
      }
    },
    "pnpm": {
      "version": "5.18.7",
      "resolved": "https://registry.npmjs.org/pnpm/-/pnpm-5.18.7.tgz",
      "integrity": "sha512-7LSLQSeskkDtzAuq8DxEcVNWlqFd0ppWPT6Z4+TiS8SjxGCRSpnCeDVzwliAPd0hedl6HuUiSnDPgmg/kHUVXw=="
    },
    "process-nextick-args": {
      "version": "2.0.1",
      "resolved": "https://registry.npmjs.org/process-nextick-args/-/process-nextick-args-2.0.1.tgz",
      "integrity": "sha512-3ouUOpQhtgrbOa17J7+uxOTpITYWaGP7/AhoR3+A+/1e9skrzelGi/dXzEYyvbxubEF6Wn2ypscTKiKJFFn1ag=="
    },
    "range-parser": {
      "version": "1.2.1",
      "resolved": "https://registry.npmjs.org/range-parser/-/range-parser-1.2.1.tgz",
      "integrity": "sha512-Hrgsx+orqoygnmhFbKaHE6c296J+HTAQXoxEF6gNupROmmGJRoyzfG3ccAveqCBrwr/2yxQ5BVd/GTl5agOwSg=="
    },
    "readable-stream": {
      "version": "1.1.14",
      "resolved": "https://registry.npmjs.org/readable-stream/-/readable-stream-1.1.14.tgz",
      "integrity": "sha1-fPTFTvZI44EwhMY23SB54WbAgdk=",
      "requires": {
        "core-util-is": "~1.0.0",
        "inherits": "~2.0.1",
        "isarray": "0.0.1",
        "string_decoder": "~0.10.x"
      }
    },
    "regexparam": {
      "version": "2.0.0",
      "resolved": "https://registry.npmjs.org/regexparam/-/regexparam-2.0.0.tgz",
      "integrity": "sha512-gJKwd2MVPWHAIFLsaYDZfyKzHNS4o7E/v8YmNf44vmeV2e4YfVoDToTOKTvE7ab68cRJ++kLuEXJBaEeJVt5ow=="
    },
    "safe-buffer": {
      "version": "5.1.2",
      "resolved": "https://registry.npmjs.org/safe-buffer/-/safe-buffer-5.1.2.tgz",
      "integrity": "sha512-Gd2UZBJDkXlY7GbJxfsE8/nvKkUEU1G38c1siN6QP6a9PT9MmHB8GnpscSmMJSoF8LOIrt8ud/wPtojys4G6+g=="
    },
    "streamsearch": {
      "version": "0.1.2",
      "resolved": "https://registry.npmjs.org/streamsearch/-/streamsearch-0.1.2.tgz",
      "integrity": "sha1-gIudDlb8Jz2Am6VzOOkpkZoanxo="
    },
    "string_decoder": {
      "version": "0.10.31",
      "resolved": "https://registry.npmjs.org/string_decoder/-/string_decoder-0.10.31.tgz",
      "integrity": "sha1-YuIDvEF2bGwoyfyEMB2rHFMQ+pQ="
    },
    "type-is": {
      "version": "1.6.18",
      "resolved": "https://registry.npmjs.org/type-is/-/type-is-1.6.18.tgz",
      "integrity": "sha512-TkRKr9sUTxEH8MdfuCSP7VizJyzRNMjj2J2do2Jr3Kym598JVdEksuzPQCnlFPW4ky9Q+iA+ma9BGm06XQBy8g==",
      "requires": {
        "media-typer": "0.3.0",
        "mime-types": "~2.1.24"
      }
    },
    "typedarray": {
      "version": "0.0.6",
      "resolved": "https://registry.npmjs.org/typedarray/-/typedarray-0.0.6.tgz",
      "integrity": "sha1-hnrHTjhkGHsdPUfZlqeOxciDB3c="
    },
    "util-deprecate": {
      "version": "1.0.2",
      "resolved": "https://registry.npmjs.org/util-deprecate/-/util-deprecate-1.0.2.tgz",
      "integrity": "sha1-RQ1Nyfpw3nMnYvvS1KKJgUGaDM8="
    },
    "xtend": {
      "version": "4.0.2",
      "resolved": "https://registry.npmjs.org/xtend/-/xtend-4.0.2.tgz",
      "integrity": "sha512-LKYU1iAXJXUgAXn9URjiu+MWhyUXHsvfp7mcuYm9dSUKK0/CjtrUwFAxD82/mCWbtLsGjFIad0wIsod4zrTAEQ=="
    }
  }
}
